
Microsoft Visual Studio Solution File, Format Version 11.00
# Visual Studio 2010
Project("{FAE04EC0-301F-11D3-BF4B-00C04F79EFBC}") = "mapbox-unity", "Assembly-CSharp.csproj", "{4EAA81B1-1A2E-3A61-1D97-E6AA7C7479E4}"
EndProject
Project("{FAE04EC0-301F-11D3-BF4B-00C04F79EFBC}") = "mapbox-unity", "Assembly-CSharp-Editor.csproj", "{B909E392-2667-404A-0125-8D4293132298}"
EndProject
Global
	GlobalSection(SolutionConfigurationPlatforms) = preSolution
		Debug|Any CPU = Debug|Any CPU
		Release|Any CPU = Release|Any CPU
	EndGlobalSection
	GlobalSection(ProjectConfigurationPlatforms) = postSolution
		{4EAA81B1-1A2E-3A61-1D97-E6AA7C7479E4}.Debug|Any CPU.ActiveCfg = Debug|Any CPU
		{4EAA81B1-1A2E-3A61-1D97-E6AA7C7479E4}.Debug|Any CPU.Build.0 = Debug|Any CPU
		{4EAA81B1-1A2E-3A61-1D97-E6AA7C7479E4}.Release|Any CPU.ActiveCfg = Release|Any CPU
		{4EAA81B1-1A2E-3A61-1D97-E6AA7C7479E4}.Release|Any CPU.Build.0 = Release|Any CPU
		{B909E392-2667-404A-0125-8D4293132298}.Debug|Any CPU.ActiveCfg = Debug|Any CPU
		{B909E392-2667-404A-0125-8D4293132298}.Debug|Any CPU.Build.0 = Debug|Any CPU
		{B909E392-2667-404A-0125-8D4293132298}.Release|Any CPU.ActiveCfg = Release|Any CPU
		{B909E392-2667-404A-0125-8D4293132298}.Release|Any CPU.Build.0 = Release|Any CPU
	EndGlobalSection
	GlobalSection(SolutionProperties) = preSolution
		HideSolutionNode = FALSE
	EndGlobalSection
	GlobalSection(MonoDevelopProperties) = preSolution
		StartupItem = Assembly-CSharp.csproj
	EndGlobalSection
EndGlobal
